{
  "name": "@findify/react-connect",
  "version": "0.1.18",
  "lockfileVersion": 1,
  "requires": true,
  "dependencies": {
    "memoize-one": {
      "version": "4.0.2",
      "resolved": "https://registry.npmjs.org/memoize-one/-/memoize-one-4.0.2.tgz",
      "integrity": "sha512-ucx2DmXTeZTsS4GPPUZCbULAN7kdPT1G+H49Y34JjbQ5ESc6OGhVxKvb1iKhr9v19ZB9OtnHwNnhUnNR/7Wteg=="
    }
  }
}
