{
  "name": "@findify/bundle",
  "version": "6.4.0",
  "lockfileVersion": 1,
  "requires": true,
  "dependencies": {
    "@sentry/browser": {
      "version": "4.3.0",
      "resolved": "https://registry.npmjs.org/@sentry/browser/-/browser-4.3.0.tgz",
      "integrity": "sha512-Np3T12mpvuih9IouwD44BgDdiQWjdEo2eeYwrh6ZzVLn7UKK2eV1VUsSiYADTN2HQB7TbtAnO0IFI5MZl7CccA==",
      "requires": {
        "@sentry/core": "4.3.0",
        "@sentry/types": "4.3.0",
        "@sentry/utils": "4.3.0"
      }
    },
    "@sentry/core": {
      "version": "4.3.0",
      "resolved": "https://registry.npmjs.org/@sentry/core/-/core-4.3.0.tgz",
      "integrity": "sha512-VEMRshyF2J2IJkGTF9fnAd2/a/wR+42qrKwCLVeNxHzZm53VAnSfJd8ZA5jnN5RiydQVGDOylqvdfij/LmmsuQ==",
      "requires": {
        "@sentry/hub": "4.3.0",
        "@sentry/minimal": "4.3.0",
        "@sentry/types": "4.3.0",
        "@sentry/utils": "4.3.0"
      }
    },
    "@sentry/hub": {
      "version": "4.3.0",
      "resolved": "https://registry.npmjs.org/@sentry/hub/-/hub-4.3.0.tgz",
      "integrity": "sha512-9nh4Hcx2tZQVHr5JGy1XZd1RgwC2C+1tNFXu06rcxYB20nhKOKtOAH9STrv64vpnK+70AC4miRdlCgqHOKLdxA==",
      "requires": {
        "@sentry/types": "4.3.0",
        "@sentry/utils": "4.3.0"
      }
    },
    "@sentry/minimal": {
      "version": "4.3.0",
      "resolved": "https://registry.npmjs.org/@sentry/minimal/-/minimal-4.3.0.tgz",
      "integrity": "sha512-yRN+L3O9mlcjqpWiivqJsm3Cy/YNh0ejQKpxxxPD186tl5nzEkAqRq5jCYelYIAdH1eBvg87H5VNNFr/shHxaQ==",
      "requires": {
        "@sentry/hub": "4.3.0",
        "@sentry/types": "4.3.0"
      }
    },
    "@sentry/types": {
      "version": "4.3.0",
      "resolved": "https://registry.npmjs.org/@sentry/types/-/types-4.3.0.tgz",
      "integrity": "sha512-oBAusA+/JFJJlNfHgikyBPTyvmCr/YxZsLWL2FNOBNJkMClW+m7tQ63x/ZAqRSEd8lnJQxJSU7LfAYDH6LcChQ=="
    },
    "@sentry/utils": {
      "version": "4.3.0",
      "resolved": "https://registry.npmjs.org/@sentry/utils/-/utils-4.3.0.tgz",
      "integrity": "sha512-cEGygJbyc1SUGxbanvk3+JYadiywJupdEkp6L8rRfxur/nNQZq1Jd7tkdm4I2rz5YFVg+yayadAquvr4DIu9nA==",
      "requires": {
        "@sentry/types": "4.3.0"
      }
    }
  }
}
