{
  "name": "@findify/mjs",
  "version": "4.2.4",
  "lockfileVersion": 1,
  "requires": true,
  "dependencies": {
    "@findify/analytics": {
      "version": "3.0.1",
      "dev": true,
      "requires": {
        "change-emitter": "0.1.6",
        "element-dataset": "2.2.6",
        "humps": "2.0.1",
        "js-cookie": "2.1.4",
        "lodash": "4.17.4",
        "qs": "6.5.1",
        "store": "2.0.12"
      },
      "dependencies": {
        "babel-runtime": {
          "version": "6.26.0",
          "bundled": true,
          "dev": true,
          "requires": {
            "core-js": "2.5.1",
            "regenerator-runtime": "0.11.0"
          }
        },
        "change-emitter": {
          "version": "0.1.6",
          "bundled": true,
          "dev": true
        },
        "core-js": {
          "version": "2.5.1",
          "bundled": true,
          "dev": true
        },
        "element-dataset": {
          "version": "2.2.6",
          "bundled": true,
          "dev": true,
          "requires": {
            "babel-runtime": "6.26.0"
          }
        },
        "humps": {
          "version": "2.0.1",
          "bundled": true,
          "dev": true
        },
        "js-cookie": {
          "version": "2.1.4",
          "bundled": true,
          "dev": true
        },
        "lodash": {
          "version": "4.17.4",
          "bundled": true,
          "dev": true
        },
        "qs": {
          "version": "6.5.1",
          "bundled": true,
          "dev": true
        },
        "regenerator-runtime": {
          "version": "0.11.0",
          "bundled": true,
          "dev": true
        },
        "store": {
          "version": "2.0.12",
          "bundled": true,
          "dev": true
        }
      }
    },
    "@findify/helpers": {
      "version": "1.0.1",
      "requires": {
        "findify-sdk": "1.3.9",
        "lodash": "4.17.4",
        "redux": "3.7.2",
        "redux-saga": "0.15.6"
      },
      "dependencies": {
        "axios": {
          "version": "0.15.3",
          "bundled": true,
          "requires": {
            "follow-redirects": "1.0.0"
          }
        },
        "bluebird": {
          "version": "3.5.1",
          "bundled": true
        },
        "debug": {
          "version": "2.6.9",
          "bundled": true,
          "requires": {
            "ms": "2.0.0"
          }
        },
        "findify-sdk": {
          "version": "1.3.9",
          "bundled": true,
          "requires": {
            "axios": "0.15.3",
            "bluebird": "3.5.1",
            "jsonp": "0.2.1",
            "lodash": "4.17.4",
            "qs": "6.5.1"
          }
        },
        "follow-redirects": {
          "version": "1.0.0",
          "bundled": true,
          "requires": {
            "debug": "2.6.9"
          }
        },
        "js-tokens": {
          "version": "3.0.2",
          "bundled": true
        },
        "jsonp": {
          "version": "0.2.1",
          "bundled": true,
          "requires": {
            "debug": "2.6.9"
          }
        },
        "lodash": {
          "version": "4.17.4",
          "bundled": true
        },
        "lodash-es": {
          "version": "4.17.4",
          "bundled": true
        },
        "loose-envify": {
          "version": "1.3.1",
          "bundled": true,
          "requires": {
            "js-tokens": "3.0.2"
          }
        },
        "ms": {
          "version": "2.0.0",
          "bundled": true
        },
        "qs": {
          "version": "6.5.1",
          "bundled": true
        },
        "redux": {
          "version": "3.7.2",
          "bundled": true,
          "requires": {
            "lodash": "4.17.4",
            "lodash-es": "4.17.4",
            "loose-envify": "1.3.1",
            "symbol-observable": "1.0.4"
          }
        },
        "redux-saga": {
          "version": "0.15.6",
          "bundled": true
        },
        "symbol-observable": {
          "version": "1.0.4",
          "bundled": true
        }
      }
    },
    "@findify/ui-components": {
      "version": "1.1.0",
      "requires": {
        "babel-register": "6.26.0",
        "classnames": "2.2.5",
        "currency-formatter": "1.3.0",
        "fontfaceobserver": "2.0.13",
        "humps": "2.0.1",
        "immutable": "3.8.2",
        "match-media": "0.2.0",
        "normalize.css": "7.0.0",
        "prop-types": "15.6.0",
        "qs": "6.5.1",
        "react": "16.0.0",
        "react-dom": "16.0.0",
        "react-dom-factories": "1.0.2",
        "react-dropdown": "1.3.0",
        "react-numeric-input": "2.2.0",
        "react-sizeme": "2.3.6",
        "react-slick": "0.15.4",
        "react-virtualized": "9.10.1",
        "recompose": "0.25.1",
        "tinycolor2": "1.4.1"
      },
      "dependencies": {
        "accounting": {
          "version": "0.4.1",
          "bundled": true
        },
        "ansi-regex": {
          "version": "2.1.1",
          "bundled": true
        },
        "ansi-styles": {
          "version": "2.2.1",
          "bundled": true
        },
        "asap": {
          "version": "2.0.6",
          "bundled": true
        },
        "babel-code-frame": {
          "version": "6.26.0",
          "bundled": true,
          "requires": {
            "chalk": "1.1.3",
            "esutils": "2.0.2",
            "js-tokens": "3.0.2"
          }
        },
        "babel-core": {
          "version": "6.26.0",
          "bundled": true,
          "requires": {
            "babel-code-frame": "6.26.0",
            "babel-generator": "6.26.0",
            "babel-helpers": "6.24.1",
            "babel-messages": "6.23.0",
            "babel-register": "6.26.0",
            "babel-runtime": "6.26.0",
            "babel-template": "6.26.0",
            "babel-traverse": "6.26.0",
            "babel-types": "6.26.0",
            "babylon": "6.18.0",
            "convert-source-map": "1.5.0",
            "debug": "2.6.9",
            "json5": "0.5.1",
            "lodash": "4.17.4",
            "minimatch": "3.0.4",
            "path-is-absolute": "1.0.1",
            "private": "0.1.7",
            "slash": "1.0.0",
            "source-map": "0.5.7"
          }
        },
        "babel-generator": {
          "version": "6.26.0",
          "bundled": true,
          "requires": {
            "babel-messages": "6.23.0",
            "babel-runtime": "6.26.0",
            "babel-types": "6.26.0",
            "detect-indent": "4.0.0",
            "jsesc": "1.3.0",
            "lodash": "4.17.4",
            "source-map": "0.5.7",
            "trim-right": "1.0.1"
          }
        },
        "babel-helpers": {
          "version": "6.24.1",
          "bundled": true,
          "requires": {
            "babel-runtime": "6.26.0",
            "babel-template": "6.26.0"
          }
        },
        "babel-messages": {
          "version": "6.23.0",
          "bundled": true,
          "requires": {
            "babel-runtime": "6.26.0"
          }
        },
        "babel-register": {
          "version": "6.26.0",
          "bundled": true,
          "requires": {
            "babel-core": "6.26.0",
            "babel-runtime": "6.26.0",
            "core-js": "2.5.1",
            "home-or-tmp": "2.0.0",
            "lodash": "4.17.4",
            "mkdirp": "0.5.1",
            "source-map-support": "0.4.18"
          }
        },
        "babel-runtime": {
          "version": "6.26.0",
          "bundled": true,
          "requires": {
            "core-js": "2.5.1",
            "regenerator-runtime": "0.11.0"
          }
        },
        "babel-template": {
          "version": "6.26.0",
          "bundled": true,
          "requires": {
            "babel-runtime": "6.26.0",
            "babel-traverse": "6.26.0",
            "babel-types": "6.26.0",
            "babylon": "6.18.0",
            "lodash": "4.17.4"
          }
        },
        "babel-traverse": {
          "version": "6.26.0",
          "bundled": true,
          "requires": {
            "babel-code-frame": "6.26.0",
            "babel-messages": "6.23.0",
            "babel-runtime": "6.26.0",
            "babel-types": "6.26.0",
            "babylon": "6.18.0",
            "debug": "2.6.9",
            "globals": "9.18.0",
            "invariant": "2.2.2",
            "lodash": "4.17.4"
          }
        },
        "babel-types": {
          "version": "6.26.0",
          "bundled": true,
          "requires": {
            "babel-runtime": "6.26.0",
            "esutils": "2.0.2",
            "lodash": "4.17.4",
            "to-fast-properties": "1.0.3"
          }
        },
        "babylon": {
          "version": "6.18.0",
          "bundled": true
        },
        "balanced-match": {
          "version": "1.0.0",
          "bundled": true
        },
        "batch-processor": {
          "version": "1.0.0",
          "bundled": true
        },
        "brace-expansion": {
          "version": "1.1.8",
          "bundled": true,
          "requires": {
            "balanced-match": "1.0.0",
            "concat-map": "0.0.1"
          }
        },
        "can-use-dom": {
          "version": "0.1.0",
          "bundled": true
        },
        "chalk": {
          "version": "1.1.3",
          "bundled": true,
          "requires": {
            "ansi-styles": "2.2.1",
            "escape-string-regexp": "1.0.5",
            "has-ansi": "2.0.0",
            "strip-ansi": "3.0.1",
            "supports-color": "2.0.0"
          }
        },
        "change-emitter": {
          "version": "0.1.6",
          "bundled": true
        },
        "classnames": {
          "version": "2.2.5",
          "bundled": true
        },
        "concat-map": {
          "version": "0.0.1",
          "bundled": true
        },
        "convert-source-map": {
          "version": "1.5.0",
          "bundled": true
        },
        "core-js": {
          "version": "2.5.1",
          "bundled": true
        },
        "create-react-class": {
          "version": "15.6.2",
          "bundled": true,
          "requires": {
            "fbjs": "0.8.16",
            "loose-envify": "1.3.1",
            "object-assign": "4.1.1"
          }
        },
        "currency-formatter": {
          "version": "1.3.0",
          "bundled": true,
          "requires": {
            "accounting": "0.4.1",
            "locale-currency": "0.0.1",
            "object-assign": "4.1.1"
          }
        },
        "debug": {
          "version": "2.6.9",
          "bundled": true,
          "requires": {
            "ms": "2.0.0"
          }
        },
        "detect-indent": {
          "version": "4.0.0",
          "bundled": true,
          "requires": {
            "repeating": "2.0.1"
          }
        },
        "dom-helpers": {
          "version": "3.2.1",
          "bundled": true
        },
        "element-resize-detector": {
          "version": "1.1.12",
          "bundled": true,
          "requires": {
            "batch-processor": "1.0.0"
          }
        },
        "encoding": {
          "version": "0.1.12",
          "bundled": true,
          "requires": {
            "iconv-lite": "0.4.19"
          }
        },
        "enquire.js": {
          "version": "2.1.6",
          "bundled": true
        },
        "escape-string-regexp": {
          "version": "1.0.5",
          "bundled": true
        },
        "esutils": {
          "version": "2.0.2",
          "bundled": true
        },
        "fbjs": {
          "version": "0.8.16",
          "bundled": true,
          "requires": {
            "core-js": "1.2.7",
            "isomorphic-fetch": "2.2.1",
            "loose-envify": "1.3.1",
            "object-assign": "4.1.1",
            "promise": "7.3.1",
            "setimmediate": "1.0.5",
            "ua-parser-js": "0.7.14"
          },
          "dependencies": {
            "core-js": {
              "version": "1.2.7",
              "resolved": "https://registry.npmjs.org/core-js/-/core-js-1.2.7.tgz",
              "integrity": "sha1-ZSKUwUZR2yj6k70tX/KYOk8IxjY="
            }
          }
        },
        "fontfaceobserver": {
          "version": "2.0.13",
          "bundled": true
        },
        "globals": {
          "version": "9.18.0",
          "bundled": true
        },
        "has-ansi": {
          "version": "2.0.0",
          "bundled": true,
          "requires": {
            "ansi-regex": "2.1.1"
          }
        },
        "hoist-non-react-statics": {
          "version": "2.3.1",
          "bundled": true
        },
        "home-or-tmp": {
          "version": "2.0.0",
          "bundled": true,
          "requires": {
            "os-homedir": "1.0.2",
            "os-tmpdir": "1.0.2"
          }
        },
        "humps": {
          "version": "2.0.1",
          "bundled": true
        },
        "iconv-lite": {
          "version": "0.4.19",
          "bundled": true
        },
        "immutable": {
          "version": "3.8.2",
          "bundled": true
        },
        "invariant": {
          "version": "2.2.2",
          "bundled": true,
          "requires": {
            "loose-envify": "1.3.1"
          }
        },
        "is-finite": {
          "version": "1.0.2",
          "bundled": true,
          "requires": {
            "number-is-nan": "1.0.1"
          }
        },
        "is-stream": {
          "version": "1.1.0",
          "bundled": true
        },
        "isomorphic-fetch": {
          "version": "2.2.1",
          "bundled": true,
          "requires": {
            "node-fetch": "1.7.3",
            "whatwg-fetch": "2.0.3"
          }
        },
        "js-tokens": {
          "version": "3.0.2",
          "bundled": true
        },
        "jsesc": {
          "version": "1.3.0",
          "bundled": true
        },
        "json2mq": {
          "version": "0.2.0",
          "bundled": true,
          "requires": {
            "string-convert": "0.2.1"
          }
        },
        "json5": {
          "version": "0.5.1",
          "bundled": true
        },
        "locale-currency": {
          "version": "0.0.1",
          "bundled": true
        },
        "lodash": {
          "version": "4.17.4",
          "bundled": true
        },
        "loose-envify": {
          "version": "1.3.1",
          "bundled": true,
          "requires": {
            "js-tokens": "3.0.2"
          }
        },
        "match-media": {
          "version": "0.2.0",
          "bundled": true
        },
        "minimatch": {
          "version": "3.0.4",
          "bundled": true,
          "requires": {
            "brace-expansion": "1.1.8"
          }
        },
        "minimist": {
          "version": "0.0.8",
          "bundled": true
        },
        "mkdirp": {
          "version": "0.5.1",
          "bundled": true,
          "requires": {
            "minimist": "0.0.8"
          }
        },
        "ms": {
          "version": "2.0.0",
          "bundled": true
        },
        "node-fetch": {
          "version": "1.7.3",
          "bundled": true,
          "requires": {
            "encoding": "0.1.12",
            "is-stream": "1.1.0"
          }
        },
        "normalize.css": {
          "version": "7.0.0",
          "bundled": true
        },
        "number-is-nan": {
          "version": "1.0.1",
          "bundled": true
        },
        "object-assign": {
          "version": "4.1.1",
          "bundled": true
        },
        "os-homedir": {
          "version": "1.0.2",
          "bundled": true
        },
        "os-tmpdir": {
          "version": "1.0.2",
          "bundled": true
        },
        "path-is-absolute": {
          "version": "1.0.1",
          "bundled": true
        },
        "private": {
          "version": "0.1.7",
          "bundled": true
        },
        "promise": {
          "version": "7.3.1",
          "bundled": true,
          "requires": {
            "asap": "2.0.6"
          }
        },
        "prop-types": {
          "version": "15.6.0",
          "bundled": true,
          "requires": {
            "fbjs": "0.8.16",
            "loose-envify": "1.3.1",
            "object-assign": "4.1.1"
          }
        },
        "qs": {
          "version": "6.5.1",
          "bundled": true
        },
        "react": {
          "version": "16.0.0",
          "bundled": true,
          "requires": {
            "fbjs": "0.8.16",
            "loose-envify": "1.3.1",
            "object-assign": "4.1.1",
            "prop-types": "15.6.0"
          }
        },
        "react-dom": {
          "version": "16.0.0",
          "bundled": true,
          "requires": {
            "fbjs": "0.8.16",
            "loose-envify": "1.3.1",
            "object-assign": "4.1.1",
            "prop-types": "15.6.0"
          }
        },
        "react-dom-factories": {
          "version": "1.0.2",
          "bundled": true
        },
        "react-dropdown": {
          "version": "1.3.0",
          "bundled": true,
          "requires": {
            "classnames": "2.2.5"
          }
        },
        "react-numeric-input": {
          "version": "2.2.0",
          "bundled": true
        },
        "react-sizeme": {
          "version": "2.3.6",
          "bundled": true,
          "requires": {
            "element-resize-detector": "1.1.12",
            "invariant": "2.2.2",
            "lodash": "4.17.4"
          }
        },
        "react-slick": {
          "version": "0.15.4",
          "bundled": true,
          "requires": {
            "can-use-dom": "0.1.0",
            "classnames": "2.2.5",
            "create-react-class": "15.6.2",
            "enquire.js": "2.1.6",
            "json2mq": "0.2.0",
            "object-assign": "4.1.1",
            "slick-carousel": "1.8.1"
          }
        },
        "react-virtualized": {
          "version": "9.10.1",
          "bundled": true,
          "requires": {
            "babel-runtime": "6.26.0",
            "classnames": "2.2.5",
            "dom-helpers": "3.2.1",
            "loose-envify": "1.3.1",
            "prop-types": "15.6.0"
          }
        },
        "recompose": {
          "version": "0.25.1",
          "bundled": true,
          "requires": {
            "change-emitter": "0.1.6",
            "fbjs": "0.8.16",
            "hoist-non-react-statics": "2.3.1",
            "symbol-observable": "1.0.4"
          }
        },
        "regenerator-runtime": {
          "version": "0.11.0",
          "bundled": true
        },
        "repeating": {
          "version": "2.0.1",
          "bundled": true,
          "requires": {
            "is-finite": "1.0.2"
          }
        },
        "setimmediate": {
          "version": "1.0.5",
          "bundled": true
        },
        "slash": {
          "version": "1.0.0",
          "bundled": true
        },
        "slick-carousel": {
          "version": "1.8.1",
          "bundled": true
        },
        "source-map": {
          "version": "0.5.7",
          "bundled": true
        },
        "source-map-support": {
          "version": "0.4.18",
          "bundled": true,
          "requires": {
            "source-map": "0.5.7"
          }
        },
        "string-convert": {
          "version": "0.2.1",
          "bundled": true
        },
        "strip-ansi": {
          "version": "3.0.1",
          "bundled": true,
          "requires": {
            "ansi-regex": "2.1.1"
          }
        },
        "supports-color": {
          "version": "2.0.0",
          "bundled": true
        },
        "symbol-observable": {
          "version": "1.0.4",
          "bundled": true
        },
        "tinycolor2": {
          "version": "1.4.1",
          "bundled": true
        },
        "to-fast-properties": {
          "version": "1.0.3",
          "bundled": true
        },
        "trim-right": {
          "version": "1.0.1",
          "bundled": true
        },
        "ua-parser-js": {
          "version": "0.7.14",
          "bundled": true
        },
        "whatwg-fetch": {
          "version": "2.0.3",
          "bundled": true
        }
      }
    },
    "async": {
      "version": "2.4.1",
      "resolved": "https://registry.npmjs.org/async/-/async-2.4.1.tgz",
      "integrity": "sha1-YqVrJ5yYoR0JhwlqAcw+6463u9c=",
      "dev": true,
      "requires": {
        "lodash": "4.17.4"
      }
    },
    "compression-webpack-plugin": {
      "version": "1.0.1",
      "resolved": "https://registry.npmjs.org/compression-webpack-plugin/-/compression-webpack-plugin-1.0.1.tgz",
      "integrity": "sha512-ABF2AFb31gpIBeEy/w6Ct0u+K+jY8jFRfGwjUWGxVTidA9pf7iH/JzjcVBQ+KB1gNMycujMxA56/PznMPUV5jw==",
      "dev": true,
      "requires": {
        "async": "2.4.1",
        "webpack-sources": "1.0.1"
      }
    },
    "lodash": {
      "version": "4.17.4",
      "resolved": "https://registry.npmjs.org/lodash/-/lodash-4.17.4.tgz",
      "integrity": "sha1-eCA6TRwyiuHYbcpkYONptX9AVa4=",
      "dev": true
    },
    "source-list-map": {
      "version": "2.0.0",
      "resolved": "https://registry.npmjs.org/source-list-map/-/source-list-map-2.0.0.tgz",
      "integrity": "sha512-I2UmuJSRr/T8jisiROLU3A3ltr+swpniSmNPI4Ml3ZCX6tVnDsuZzK7F2hl5jTqbZBWCEKlj5HRQiPExXLgE8A==",
      "dev": true
    },
    "source-map": {
      "version": "0.5.7",
      "resolved": "https://registry.npmjs.org/source-map/-/source-map-0.5.7.tgz",
      "integrity": "sha1-igOdLRAh0i0eoUyA2OpGi6LvP8w=",
      "dev": true
    },
    "webpack-sources": {
      "version": "1.0.1",
      "resolved": "https://registry.npmjs.org/webpack-sources/-/webpack-sources-1.0.1.tgz",
      "integrity": "sha512-05tMxipUCwHqYaVS8xc7sYPTly8PzXayRCB4dTxLhWTqlKUiwH6ezmEe0OSreL1c30LAuA3Zqmc+uEBUGFJDjw==",
      "dev": true,
      "requires": {
        "source-list-map": "2.0.0",
        "source-map": "0.5.7"
      }
    }
  }
}
